
Microsoft Visual Studio Solution File, Format Version 12.00
# Visual Studio 2012
Project("{FAE04EC0-301F-11D3-BF4B-00C04F79EFBC}") = "UnionFindTests", "UnionFind\UnionFindTests.csproj", "{FF919300-D973-494C-8E97-6D1654BE84A7}"
EndProject
Project("{FAE04EC0-301F-11D3-BF4B-00C04F79EFBC}") = "UnionFind", "QuickUnion\UnionFind.csproj", "{D228B535-A150-4CDD-B332-FC8A4F292C6C}"
EndProject
Global
	GlobalSection(SolutionConfigurationPlatforms) = preSolution
		Debug|Any CPU = Debug|Any CPU
		Release|Any CPU = Release|Any CPU
	EndGlobalSection
	GlobalSection(ProjectConfigurationPlatforms) = postSolution
		{FF919300-D973-494C-8E97-6D1654BE84A7}.Debug|Any CPU.ActiveCfg = Debug|Any CPU
		{FF919300-D973-494C-8E97-6D1654BE84A7}.Debug|Any CPU.Build.0 = Debug|Any CPU
		{FF919300-D973-494C-8E97-6D1654BE84A7}.Release|Any CPU.ActiveCfg = Release|Any CPU
		{FF919300-D973-494C-8E97-6D1654BE84A7}.Release|Any CPU.Build.0 = Release|Any CPU
		{D228B535-A150-4CDD-B332-FC8A4F292C6C}.Debug|Any CPU.ActiveCfg = Debug|Any CPU
		{D228B535-A150-4CDD-B332-FC8A4F292C6C}.Debug|Any CPU.Build.0 = Debug|Any CPU
		{D228B535-A150-4CDD-B332-FC8A4F292C6C}.Release|Any CPU.ActiveCfg = Release|Any CPU
		{D228B535-A150-4CDD-B332-FC8A4F292C6C}.Release|Any CPU.Build.0 = Release|Any CPU
	EndGlobalSection
	GlobalSection(SolutionProperties) = preSolution
		HideSolutionNode = FALSE
	EndGlobalSection
EndGlobal
