
Microsoft Visual Studio Solution File, Format Version 12.00
# Visual Studio 2012
Project("{FAE04EC0-301F-11D3-BF4B-00C04F79EFBC}") = "Sorting", "Sorting\Sorting.csproj", "{BBF182B9-DEFB-4E2F-8477-F0D124A795B8}"
EndProject
Project("{FAE04EC0-301F-11D3-BF4B-00C04F79EFBC}") = "TestingProject", "TestingProject\TestingProject.csproj", "{45429A0D-FC49-43A4-8BB5-D71FDA9E8123}"
EndProject
Global
	GlobalSection(SolutionConfigurationPlatforms) = preSolution
		Debug|Any CPU = Debug|Any CPU
		Release|Any CPU = Release|Any CPU
	EndGlobalSection
	GlobalSection(ProjectConfigurationPlatforms) = postSolution
		{BBF182B9-DEFB-4E2F-8477-F0D124A795B8}.Debug|Any CPU.ActiveCfg = Debug|Any CPU
		{BBF182B9-DEFB-4E2F-8477-F0D124A795B8}.Debug|Any CPU.Build.0 = Debug|Any CPU
		{BBF182B9-DEFB-4E2F-8477-F0D124A795B8}.Release|Any CPU.ActiveCfg = Release|Any CPU
		{BBF182B9-DEFB-4E2F-8477-F0D124A795B8}.Release|Any CPU.Build.0 = Release|Any CPU
		{45429A0D-FC49-43A4-8BB5-D71FDA9E8123}.Debug|Any CPU.ActiveCfg = Debug|Any CPU
		{45429A0D-FC49-43A4-8BB5-D71FDA9E8123}.Debug|Any CPU.Build.0 = Debug|Any CPU
		{45429A0D-FC49-43A4-8BB5-D71FDA9E8123}.Release|Any CPU.ActiveCfg = Release|Any CPU
		{45429A0D-FC49-43A4-8BB5-D71FDA9E8123}.Release|Any CPU.Build.0 = Release|Any CPU
	EndGlobalSection
	GlobalSection(SolutionProperties) = preSolution
		HideSolutionNode = FALSE
	EndGlobalSection
EndGlobal
