
Microsoft Visual Studio Solution File, Format Version 12.00
# Visual Studio 2012
Project("{FAE04EC0-301F-11D3-BF4B-00C04F79EFBC}") = "LockFreeStack", "LockFreeStack\LockFreeStack.csproj", "{FD5AFD49-E5A0-41F0-892E-8D879556843F}"
EndProject
Project("{FAE04EC0-301F-11D3-BF4B-00C04F79EFBC}") = "StackTest", "StackTest\StackTest.csproj", "{96BD7270-70A6-499E-BF25-7B2CE6A1BB82}"
EndProject
Global
	GlobalSection(SolutionConfigurationPlatforms) = preSolution
		Debug|Any CPU = Debug|Any CPU
		Release|Any CPU = Release|Any CPU
	EndGlobalSection
	GlobalSection(ProjectConfigurationPlatforms) = postSolution
		{FD5AFD49-E5A0-41F0-892E-8D879556843F}.Debug|Any CPU.ActiveCfg = Debug|Any CPU
		{FD5AFD49-E5A0-41F0-892E-8D879556843F}.Debug|Any CPU.Build.0 = Debug|Any CPU
		{FD5AFD49-E5A0-41F0-892E-8D879556843F}.Release|Any CPU.ActiveCfg = Release|Any CPU
		{FD5AFD49-E5A0-41F0-892E-8D879556843F}.Release|Any CPU.Build.0 = Release|Any CPU
		{96BD7270-70A6-499E-BF25-7B2CE6A1BB82}.Debug|Any CPU.ActiveCfg = Debug|Any CPU
		{96BD7270-70A6-499E-BF25-7B2CE6A1BB82}.Debug|Any CPU.Build.0 = Debug|Any CPU
		{96BD7270-70A6-499E-BF25-7B2CE6A1BB82}.Release|Any CPU.ActiveCfg = Release|Any CPU
		{96BD7270-70A6-499E-BF25-7B2CE6A1BB82}.Release|Any CPU.Build.0 = Release|Any CPU
	EndGlobalSection
	GlobalSection(SolutionProperties) = preSolution
		HideSolutionNode = FALSE
	EndGlobalSection
EndGlobal
